
Microsoft Visual Studio Solution File, Format Version 12.00
# Visual Studio Version 16
VisualStudioVersion = 16.0.31004.235
MinimumVisualStudioVersion = 10.0.40219.1
Project("{FAE04EC0-301F-11D3-BF4B-00C04F79EFBC}") = "EventExample", "EventExample.csproj", "{6458A71B-82B0-4926-A643-E5F71728AE74}"
EndProject
Global
	GlobalSection(SolutionConfigurationPlatforms) = preSolution
		Debug|Any CPU = Debug|Any CPU
		Release|Any CPU = Release|Any CPU
	EndGlobalSection
	GlobalSection(ProjectConfigurationPlatforms) = postSolution
		{6458A71B-82B0-4926-A643-E5F71728AE74}.Debug|Any CPU.ActiveCfg = Debug|Any CPU
		{6458A71B-82B0-4926-A643-E5F71728AE74}.Debug|Any CPU.Build.0 = Debug|Any CPU
		{6458A71B-82B0-4926-A643-E5F71728AE74}.Release|Any CPU.ActiveCfg = Release|Any CPU
		{6458A71B-82B0-4926-A643-E5F71728AE74}.Release|Any CPU.Build.0 = Release|Any CPU
	EndGlobalSection
	GlobalSection(SolutionProperties) = preSolution
		HideSolutionNode = FALSE
	EndGlobalSection
	GlobalSection(ExtensibilityGlobals) = postSolution
		SolutionGuid = {C913C911-88F5-43A7-9BA9-CDFC955AF5C2}
	EndGlobalSection
EndGlobal
